
Microsoft Visual Studio Solution File, Format Version 12.00
# Visual Studio Version 17
VisualStudioVersion = 17.3.32611.2
MinimumVisualStudioVersion = 10.0.40219.1
Project("{9A19103F-16F7-4668-BE54-9A1E7A4F7556}") = "TabBarSwitches.Maui", "TabBarSwitches.Maui\TabBarSwitches.Maui.csproj", "{40C6B883-5DD3-4DF9-B928-CF0FB21A97B6}"
EndProject
Global
	GlobalSection(SolutionConfigurationPlatforms) = preSolution
		Debug|Any CPU = Debug|Any CPU
		Debug|iPhone = Debug|iPhone
		Debug|iPhoneSimulator = Debug|iPhoneSimulator
		Release|Any CPU = Release|Any CPU
		Release|iPhone = Release|iPhone
		Release|iPhoneSimulator = Release|iPhoneSimulator
	EndGlobalSection
	GlobalSection(ProjectConfigurationPlatforms) = postSolution
		{40C6B883-5DD3-4DF9-B928-CF0FB21A97B6}.Debug|Any CPU.ActiveCfg = Debug|Any CPU
		{40C6B883-5DD3-4DF9-B928-CF0FB21A97B6}.Debug|Any CPU.Build.0 = Debug|Any CPU
		{40C6B883-5DD3-4DF9-B928-CF0FB21A97B6}.Debug|Any CPU.Deploy.0 = Debug|Any CPU
		{40C6B883-5DD3-4DF9-B928-CF0FB21A97B6}.Debug|iPhone.ActiveCfg = Debug|Any CPU
		{40C6B883-5DD3-4DF9-B928-CF0FB21A97B6}.Debug|iPhone.Build.0 = Debug|Any CPU
		{40C6B883-5DD3-4DF9-B928-CF0FB21A97B6}.Debug|iPhone.Deploy.0 = Debug|Any CPU
		{40C6B883-5DD3-4DF9-B928-CF0FB21A97B6}.Debug|iPhoneSimulator.ActiveCfg = Debug|Any CPU
		{40C6B883-5DD3-4DF9-B928-CF0FB21A97B6}.Debug|iPhoneSimulator.Build.0 = Debug|Any CPU
		{40C6B883-5DD3-4DF9-B928-CF0FB21A97B6}.Debug|iPhoneSimulator.Deploy.0 = Debug|Any CPU
		{40C6B883-5DD3-4DF9-B928-CF0FB21A97B6}.Release|Any CPU.ActiveCfg = Release|Any CPU
		{40C6B883-5DD3-4DF9-B928-CF0FB21A97B6}.Release|Any CPU.Build.0 = Release|Any CPU
		{40C6B883-5DD3-4DF9-B928-CF0FB21A97B6}.Release|Any CPU.Deploy.0 = Release|Any CPU
		{40C6B883-5DD3-4DF9-B928-CF0FB21A97B6}.Release|iPhone.ActiveCfg = Release|Any CPU
		{40C6B883-5DD3-4DF9-B928-CF0FB21A97B6}.Release|iPhone.Build.0 = Release|Any CPU
		{40C6B883-5DD3-4DF9-B928-CF0FB21A97B6}.Release|iPhone.Deploy.0 = Release|Any CPU
		{40C6B883-5DD3-4DF9-B928-CF0FB21A97B6}.Release|iPhoneSimulator.ActiveCfg = Release|Any CPU
		{40C6B883-5DD3-4DF9-B928-CF0FB21A97B6}.Release|iPhoneSimulator.Build.0 = Release|Any CPU
		{40C6B883-5DD3-4DF9-B928-CF0FB21A97B6}.Release|iPhoneSimulator.Deploy.0 = Release|Any CPU
	EndGlobalSection
	GlobalSection(SolutionProperties) = preSolution
		HideSolutionNode = FALSE
	EndGlobalSection
	GlobalSection(ExtensibilityGlobals) = postSolution
		SolutionGuid = {7B702645-49C5-4590-B2DA-AB2466EFAF1D}
	EndGlobalSection
EndGlobal
