
Microsoft Visual Studio Solution File, Format Version 12.00
# Visual Studio Version 16
VisualStudioVersion = 16.0.30517.126
MinimumVisualStudioVersion = 10.0.40219.1
Project("{FAE04EC0-301F-11D3-BF4B-00C04F79EFBC}") = "TabBarSwitches.Android", "TabBarSwitches\TabBarSwitches.Android\TabBarSwitches.Android.csproj", "{C60E7DA5-9D82-467D-9489-E6B37E446B3A}"
EndProject
Project("{FAE04EC0-301F-11D3-BF4B-00C04F79EFBC}") = "TabBarSwitches.iOS", "TabBarSwitches\TabBarSwitches.iOS\TabBarSwitches.iOS.csproj", "{F2168D2F-FD2E-4435-BE16-B3ACA4CE7CEE}"
EndProject
Project("{FAE04EC0-301F-11D3-BF4B-00C04F79EFBC}") = "TabBarSwitches", "TabBarSwitches\TabBarSwitches\TabBarSwitches.csproj", "{19D7E6C8-5A87-462D-A27C-BFC0294B962A}"
EndProject
Global
	GlobalSection(SolutionConfigurationPlatforms) = preSolution
		Debug|Any CPU = Debug|Any CPU
		Debug|iPhone = Debug|iPhone
		Debug|iPhoneSimulator = Debug|iPhoneSimulator
		Release|Any CPU = Release|Any CPU
		Release|iPhone = Release|iPhone
		Release|iPhoneSimulator = Release|iPhoneSimulator
	EndGlobalSection
	GlobalSection(ProjectConfigurationPlatforms) = postSolution
		{C60E7DA5-9D82-467D-9489-E6B37E446B3A}.Debug|Any CPU.ActiveCfg = Debug|Any CPU
		{C60E7DA5-9D82-467D-9489-E6B37E446B3A}.Debug|Any CPU.Build.0 = Debug|Any CPU
		{C60E7DA5-9D82-467D-9489-E6B37E446B3A}.Debug|Any CPU.Deploy.0 = Debug|Any CPU
		{C60E7DA5-9D82-467D-9489-E6B37E446B3A}.Debug|iPhone.ActiveCfg = Debug|Any CPU
		{C60E7DA5-9D82-467D-9489-E6B37E446B3A}.Debug|iPhone.Build.0 = Debug|Any CPU
		{C60E7DA5-9D82-467D-9489-E6B37E446B3A}.Debug|iPhone.Deploy.0 = Debug|Any CPU
		{C60E7DA5-9D82-467D-9489-E6B37E446B3A}.Debug|iPhoneSimulator.ActiveCfg = Debug|Any CPU
		{C60E7DA5-9D82-467D-9489-E6B37E446B3A}.Debug|iPhoneSimulator.Build.0 = Debug|Any CPU
		{C60E7DA5-9D82-467D-9489-E6B37E446B3A}.Debug|iPhoneSimulator.Deploy.0 = Debug|Any CPU
		{C60E7DA5-9D82-467D-9489-E6B37E446B3A}.Release|Any CPU.ActiveCfg = Release|Any CPU
		{C60E7DA5-9D82-467D-9489-E6B37E446B3A}.Release|Any CPU.Build.0 = Release|Any CPU
		{C60E7DA5-9D82-467D-9489-E6B37E446B3A}.Release|Any CPU.Deploy.0 = Release|Any CPU
		{C60E7DA5-9D82-467D-9489-E6B37E446B3A}.Release|iPhone.ActiveCfg = Release|Any CPU
		{C60E7DA5-9D82-467D-9489-E6B37E446B3A}.Release|iPhone.Build.0 = Release|Any CPU
		{C60E7DA5-9D82-467D-9489-E6B37E446B3A}.Release|iPhone.Deploy.0 = Release|Any CPU
		{C60E7DA5-9D82-467D-9489-E6B37E446B3A}.Release|iPhoneSimulator.ActiveCfg = Release|Any CPU
		{C60E7DA5-9D82-467D-9489-E6B37E446B3A}.Release|iPhoneSimulator.Build.0 = Release|Any CPU
		{C60E7DA5-9D82-467D-9489-E6B37E446B3A}.Release|iPhoneSimulator.Deploy.0 = Release|Any CPU
		{F2168D2F-FD2E-4435-BE16-B3ACA4CE7CEE}.Debug|Any CPU.ActiveCfg = Debug|iPhone
		{F2168D2F-FD2E-4435-BE16-B3ACA4CE7CEE}.Debug|Any CPU.Build.0 = Debug|iPhone
		{F2168D2F-FD2E-4435-BE16-B3ACA4CE7CEE}.Debug|Any CPU.Deploy.0 = Debug|iPhone
		{F2168D2F-FD2E-4435-BE16-B3ACA4CE7CEE}.Debug|iPhone.ActiveCfg = Debug|iPhone
		{F2168D2F-FD2E-4435-BE16-B3ACA4CE7CEE}.Debug|iPhone.Build.0 = Debug|iPhone
		{F2168D2F-FD2E-4435-BE16-B3ACA4CE7CEE}.Debug|iPhone.Deploy.0 = Debug|iPhone
		{F2168D2F-FD2E-4435-BE16-B3ACA4CE7CEE}.Debug|iPhoneSimulator.ActiveCfg = Debug|iPhoneSimulator
		{F2168D2F-FD2E-4435-BE16-B3ACA4CE7CEE}.Debug|iPhoneSimulator.Build.0 = Debug|iPhoneSimulator
		{F2168D2F-FD2E-4435-BE16-B3ACA4CE7CEE}.Debug|iPhoneSimulator.Deploy.0 = Debug|iPhoneSimulator
		{F2168D2F-FD2E-4435-BE16-B3ACA4CE7CEE}.Release|Any CPU.ActiveCfg = Release|iPhoneSimulator
		{F2168D2F-FD2E-4435-BE16-B3ACA4CE7CEE}.Release|Any CPU.Build.0 = Release|iPhoneSimulator
		{F2168D2F-FD2E-4435-BE16-B3ACA4CE7CEE}.Release|Any CPU.Deploy.0 = Release|iPhoneSimulator
		{F2168D2F-FD2E-4435-BE16-B3ACA4CE7CEE}.Release|iPhone.ActiveCfg = Release|iPhone
		{F2168D2F-FD2E-4435-BE16-B3ACA4CE7CEE}.Release|iPhone.Build.0 = Release|iPhone
		{F2168D2F-FD2E-4435-BE16-B3ACA4CE7CEE}.Release|iPhone.Deploy.0 = Release|iPhone
		{F2168D2F-FD2E-4435-BE16-B3ACA4CE7CEE}.Release|iPhoneSimulator.ActiveCfg = Release|iPhoneSimulator
		{F2168D2F-FD2E-4435-BE16-B3ACA4CE7CEE}.Release|iPhoneSimulator.Build.0 = Release|iPhoneSimulator
		{F2168D2F-FD2E-4435-BE16-B3ACA4CE7CEE}.Release|iPhoneSimulator.Deploy.0 = Release|iPhoneSimulator
		{19D7E6C8-5A87-462D-A27C-BFC0294B962A}.Debug|Any CPU.ActiveCfg = Debug|Any CPU
		{19D7E6C8-5A87-462D-A27C-BFC0294B962A}.Debug|Any CPU.Build.0 = Debug|Any CPU
		{19D7E6C8-5A87-462D-A27C-BFC0294B962A}.Debug|Any CPU.Deploy.0 = Debug|Any CPU
		{19D7E6C8-5A87-462D-A27C-BFC0294B962A}.Debug|iPhone.ActiveCfg = Debug|Any CPU
		{19D7E6C8-5A87-462D-A27C-BFC0294B962A}.Debug|iPhone.Build.0 = Debug|Any CPU
		{19D7E6C8-5A87-462D-A27C-BFC0294B962A}.Debug|iPhone.Deploy.0 = Debug|Any CPU
		{19D7E6C8-5A87-462D-A27C-BFC0294B962A}.Debug|iPhoneSimulator.ActiveCfg = Debug|Any CPU
		{19D7E6C8-5A87-462D-A27C-BFC0294B962A}.Debug|iPhoneSimulator.Build.0 = Debug|Any CPU
		{19D7E6C8-5A87-462D-A27C-BFC0294B962A}.Debug|iPhoneSimulator.Deploy.0 = Debug|Any CPU
		{19D7E6C8-5A87-462D-A27C-BFC0294B962A}.Release|Any CPU.ActiveCfg = Release|Any CPU
		{19D7E6C8-5A87-462D-A27C-BFC0294B962A}.Release|Any CPU.Build.0 = Release|Any CPU
		{19D7E6C8-5A87-462D-A27C-BFC0294B962A}.Release|Any CPU.Deploy.0 = Release|Any CPU
		{19D7E6C8-5A87-462D-A27C-BFC0294B962A}.Release|iPhone.ActiveCfg = Release|Any CPU
		{19D7E6C8-5A87-462D-A27C-BFC0294B962A}.Release|iPhone.Build.0 = Release|Any CPU
		{19D7E6C8-5A87-462D-A27C-BFC0294B962A}.Release|iPhone.Deploy.0 = Release|Any CPU
		{19D7E6C8-5A87-462D-A27C-BFC0294B962A}.Release|iPhoneSimulator.ActiveCfg = Release|Any CPU
		{19D7E6C8-5A87-462D-A27C-BFC0294B962A}.Release|iPhoneSimulator.Build.0 = Release|Any CPU
		{19D7E6C8-5A87-462D-A27C-BFC0294B962A}.Release|iPhoneSimulator.Deploy.0 = Release|Any CPU
	EndGlobalSection
	GlobalSection(SolutionProperties) = preSolution
		HideSolutionNode = FALSE
	EndGlobalSection
	GlobalSection(ExtensibilityGlobals) = postSolution
		SolutionGuid = {7B702645-49C5-4590-B2DA-AB2466EFAF1D}
	EndGlobalSection
EndGlobal
